// !$*UTF8*$!
{
	archiveVersion = 1;
	classes = {
	};
	objectVersion = 46;
	objects = {

/* Begin PBXBuildFile section */
		043CADBC1F13DF81001A0671 /* main.m in Sources */ = {isa = PBXBuildFile; fileRef = 043CADBB1F13DF81001A0671 /* main.m */; };
		043CADBF1F13DF81001A0671 /* AppDelegate.m in Sources */ = {isa = PBXBuildFile; fileRef = 043CADBE1F13DF81001A0671 /* AppDelegate.m */; };
		043CADC21F13DF81001A0671 /* ViewController.m in Sources */ = {isa = PBXBuildFile; fileRef = 043CADC11F13DF81001A0671 /* ViewController.m */; };
		043CADC51F13DF81001A0671 /* Main.storyboard in Resources */ = {isa = PBXBuildFile; fileRef = 043CADC31F13DF81001A0671 /* Main.storyboard */; };
		043CADC71F13DF81001A0671 /* Assets.xcassets in Resources */ = {isa = PBXBuildFile; fileRef = 043CADC61F13DF81001A0671 /* Assets.xcassets */; };
		043CADCA1F13DF81001A0671 /* LaunchScreen.storyboard in Resources */ = {isa = PBXBuildFile; fileRef = 043CADC81F13DF81001A0671 /* LaunchScreen.storyboard */; };
		046AB0391F2CC4D500B85CE8 /* Bridge - 雾都历.mp3 in Resources */ = {isa = PBXBuildFile; fileRef = 046AB0381F2CC4D500B85CE8 /* Bridge - 雾都历.mp3 */; };
		046AB03B1F2CC5DE00B85CE8 /* G.E.M.邓紫棋 - 喜欢你.mp3 in Resources */ = {isa = PBXBuildFile; fileRef = 046AB03A1F2CC5DE00B85CE8 /* G.E.M.邓紫棋 - 喜欢你.mp3 */; };
		0474207B20FCF10C00CB641E /* ESCAudioQueuePlayer.m in Sources */ = {isa = PBXBuildFile; fileRef = 0474207920FCF10B00CB641E /* ESCAudioQueuePlayer.m */; };
		F058B55E1F3C3AF8003081CF /* 1708101114545.pcm in Resources */ = {isa = PBXBuildFile; fileRef = F058B55D1F3C3AF8003081CF /* 1708101114545.pcm */; };
		F058B5601F3C3B2C003081CF /* an.pcm in Resources */ = {isa = PBXBuildFile; fileRef = F058B55F1F3C3B2C003081CF /* an.pcm */; };
		F058B5621F3C3DBD003081CF /* PrinRecord20170810120307.pcm in Resources */ = {isa = PBXBuildFile; fileRef = F058B5611F3C3DBD003081CF /* PrinRecord20170810120307.pcm */; };
		F058B5641F3C48FC003081CF /* test.pcm in Resources */ = {isa = PBXBuildFile; fileRef = F058B5631F3C48FC003081CF /* test.pcm */; };
		F058B5661F3C4CFA003081CF /* pcmHead in Resources */ = {isa = PBXBuildFile; fileRef = F058B5651F3C4CFA003081CF /* pcmHead */; };
		F058B5691F3C5377003081CF /* Base64.m in Sources */ = {isa = PBXBuildFile; fileRef = F058B5681F3C5377003081CF /* Base64.m */; };
		F079562020FED23C00F3AF26 /* ESCAudioStreamPlayer.m in Sources */ = {isa = PBXBuildFile; fileRef = F079561F20FED23C00F3AF26 /* ESCAudioStreamPlayer.m */; };
		F079562220FED2D800F3AF26 /* vocal.pcm in Resources */ = {isa = PBXBuildFile; fileRef = F079562120FED2D700F3AF26 /* vocal.pcm */; };
/* End PBXBuildFile section */

/* Begin PBXFileReference section */
		043CADB71F13DF81001A0671 /* ESAudioQueueDemo.app */ = {isa = PBXFileReference; explicitFileType = wrapper.application; includeInIndex = 0; path = ESAudioQueueDemo.app; sourceTree = BUILT_PRODUCTS_DIR; };
		043CADBB1F13DF81001A0671 /* main.m */ = {isa = PBXFileReference; lastKnownFileType = sourcecode.c.objc; path = main.m; sourceTree = "<group>"; };
		043CADBD1F13DF81001A0671 /* AppDelegate.h */ = {isa = PBXFileReference; lastKnownFileType = sourcecode.c.h; path = AppDelegate.h; sourceTree = "<group>"; };
		043CADBE1F13DF81001A0671 /* AppDelegate.m */ = {isa = PBXFileReference; lastKnownFileType = sourcecode.c.objc; path = AppDelegate.m; sourceTree = "<group>"; };
		043CADC01F13DF81001A0671 /* ViewController.h */ = {isa = PBXFileReference; lastKnownFileType = sourcecode.c.h; path = ViewController.h; sourceTree = "<group>"; };
		043CADC11F13DF81001A0671 /* ViewController.m */ = {isa = PBXFileReference; lastKnownFileType = sourcecode.c.objc; path = ViewController.m; sourceTree = "<group>"; };
		043CADC41F13DF81001A0671 /* Base */ = {isa = PBXFileReference; lastKnownFileType = file.storyboard; name = Base; path = Base.lproj/Main.storyboard; sourceTree = "<group>"; };
		043CADC61F13DF81001A0671 /* Assets.xcassets */ = {isa = PBXFileReference; lastKnownFileType = folder.assetcatalog; path = Assets.xcassets; sourceTree = "<group>"; };
		043CADC91F13DF81001A0671 /* Base */ = {isa = PBXFileReference; lastKnownFileType = file.storyboard; name = Base; path = Base.lproj/LaunchScreen.storyboard; sourceTree = "<group>"; };
		043CADCB1F13DF81001A0671 /* Info.plist */ = {isa = PBXFileReference; lastKnownFileType = text.plist.xml; path = Info.plist; sourceTree = "<group>"; };
		046AB0381F2CC4D500B85CE8 /* Bridge - 雾都历.mp3 */ = {isa = PBXFileReference; lastKnownFileType = audio.mp3; path = "Bridge - 雾都历.mp3"; sourceTree = "<group>"; };
		046AB03A1F2CC5DE00B85CE8 /* G.E.M.邓紫棋 - 喜欢你.mp3 */ = {isa = PBXFileReference; lastKnownFileType = audio.mp3; path = "G.E.M.邓紫棋 - 喜欢你.mp3"; sourceTree = "<group>"; };
		0474207920FCF10B00CB641E /* ESCAudioQueuePlayer.m */ = {isa = PBXFileReference; fileEncoding = 4; lastKnownFileType = sourcecode.c.objc; path = ESCAudioQueuePlayer.m; sourceTree = "<group>"; };
		0474207A20FCF10B00CB641E /* ESCAudioQueuePlayer.h */ = {isa = PBXFileReference; fileEncoding = 4; lastKnownFileType = sourcecode.c.h; path = ESCAudioQueuePlayer.h; sourceTree = "<group>"; };
		F058B55D1F3C3AF8003081CF /* 1708101114545.pcm */ = {isa = PBXFileReference; lastKnownFileType = file; path = 1708101114545.pcm; sourceTree = "<group>"; };
		F058B55F1F3C3B2C003081CF /* an.pcm */ = {isa = PBXFileReference; lastKnownFileType = file; path = an.pcm; sourceTree = "<group>"; };
		F058B5611F3C3DBD003081CF /* PrinRecord20170810120307.pcm */ = {isa = PBXFileReference; lastKnownFileType = file; path = PrinRecord20170810120307.pcm; sourceTree = "<group>"; };
		F058B5631F3C48FC003081CF /* test.pcm */ = {isa = PBXFileReference; lastKnownFileType = file; path = test.pcm; sourceTree = "<group>"; };
		F058B5651F3C4CFA003081CF /* pcmHead */ = {isa = PBXFileReference; lastKnownFileType = file; path = pcmHead; sourceTree = "<group>"; };
		F058B5671F3C5377003081CF /* Base64.h */ = {isa = PBXFileReference; fileEncoding = 4; lastKnownFileType = sourcecode.c.h; path = Base64.h; sourceTree = "<group>"; };
		F058B5681F3C5377003081CF /* Base64.m */ = {isa = PBXFileReference; fileEncoding = 4; lastKnownFileType = sourcecode.c.objc; path = Base64.m; sourceTree = "<group>"; };
		F079561E20FED23C00F3AF26 /* ESCAudioStreamPlayer.h */ = {isa = PBXFileReference; lastKnownFileType = sourcecode.c.h; path = ESCAudioStreamPlayer.h; sourceTree = "<group>"; };
		F079561F20FED23C00F3AF26 /* ESCAudioStreamPlayer.m */ = {isa = PBXFileReference; lastKnownFileType = sourcecode.c.objc; path = ESCAudioStreamPlayer.m; sourceTree = "<group>"; };
		F079562120FED2D700F3AF26 /* vocal.pcm */ = {isa = PBXFileReference; lastKnownFileType = file; path = vocal.pcm; sourceTree = "<group>"; };
/* End PBXFileReference section */

/* Begin PBXFrameworksBuildPhase section */
		043CADB41F13DF81001A0671 /* Frameworks */ = {
			isa = PBXFrameworksBuildPhase;
			buildActionMask = 2147483647;
			files = (
			);
			runOnlyForDeploymentPostprocessing = 0;
		};
/* End PBXFrameworksBuildPhase section */

/* Begin PBXGroup section */
		043CADAE1F13DF81001A0671 = {
			isa = PBXGroup;
			children = (
				043CADB91F13DF81001A0671 /* ESAudioQueueDemo */,
				043CADB81F13DF81001A0671 /* Products */,
			);
			sourceTree = "<group>";
		};
		043CADB81F13DF81001A0671 /* Products */ = {
			isa = PBXGroup;
			children = (
				043CADB71F13DF81001A0671 /* ESAudioQueueDemo.app */,
			);
			name = Products;
			sourceTree = "<group>";
		};
		043CADB91F13DF81001A0671 /* ESAudioQueueDemo */ = {
			isa = PBXGroup;
			children = (
				043CADBD1F13DF81001A0671 /* AppDelegate.h */,
				043CADBE1F13DF81001A0671 /* AppDelegate.m */,
				043CADC01F13DF81001A0671 /* ViewController.h */,
				043CADC11F13DF81001A0671 /* ViewController.m */,
				043CADC31F13DF81001A0671 /* Main.storyboard */,
				0474207D20FCF1E900CB641E /* Tool */,
				0474207C20FCF1DC00CB641E /* Source */,
				043CADC81F13DF81001A0671 /* LaunchScreen.storyboard */,
				043CADCB1F13DF81001A0671 /* Info.plist */,
				043CADBA1F13DF81001A0671 /* Supporting Files */,
			);
			path = ESAudioQueueDemo;
			sourceTree = "<group>";
		};
		043CADBA1F13DF81001A0671 /* Supporting Files */ = {
			isa = PBXGroup;
			children = (
				043CADBB1F13DF81001A0671 /* main.m */,
			);
			name = "Supporting Files";
			sourceTree = "<group>";
		};
		0474207C20FCF1DC00CB641E /* Source */ = {
			isa = PBXGroup;
			children = (
				043CADC61F13DF81001A0671 /* Assets.xcassets */,
				F079562120FED2D700F3AF26 /* vocal.pcm */,
				F058B5651F3C4CFA003081CF /* pcmHead */,
				F058B5631F3C48FC003081CF /* test.pcm */,
				F058B55F1F3C3B2C003081CF /* an.pcm */,
				F058B5611F3C3DBD003081CF /* PrinRecord20170810120307.pcm */,
				F058B55D1F3C3AF8003081CF /* 1708101114545.pcm */,
				046AB0381F2CC4D500B85CE8 /* Bridge - 雾都历.mp3 */,
				046AB03A1F2CC5DE00B85CE8 /* G.E.M.邓紫棋 - 喜欢你.mp3 */,
			);
			name = Source;
			sourceTree = "<group>";
		};
		0474207D20FCF1E900CB641E /* Tool */ = {
			isa = PBXGroup;
			children = (
				F058B5671F3C5377003081CF /* Base64.h */,
				F058B5681F3C5377003081CF /* Base64.m */,
				F079561E20FED23C00F3AF26 /* ESCAudioStreamPlayer.h */,
				F079561F20FED23C00F3AF26 /* ESCAudioStreamPlayer.m */,
				0474207A20FCF10B00CB641E /* ESCAudioQueuePlayer.h */,
				0474207920FCF10B00CB641E /* ESCAudioQueuePlayer.m */,
			);
			name = Tool;
			sourceTree = "<group>";
		};
/* End PBXGroup section */

/* Begin PBXNativeTarget section */
		043CADB61F13DF81001A0671 /* ESAudioQueueDemo */ = {
			isa = PBXNativeTarget;
			buildConfigurationList = 043CADCE1F13DF81001A0671 /* Build configuration list for PBXNativeTarget "ESAudioQueueDemo" */;
			buildPhases = (
				043CADB31F13DF81001A0671 /* Sources */,
				043CADB41F13DF81001A0671 /* Frameworks */,
				043CADB51F13DF81001A0671 /* Resources */,
			);
			buildRules = (
			);
			dependencies = (
			);
			name = ESAudioQueueDemo;
			productName = ESAudioQueueDemo;
			productReference = 043CADB71F13DF81001A0671 /* ESAudioQueueDemo.app */;
			productType = "com.apple.product-type.application";
		};
/* End PBXNativeTarget section */

/* Begin PBXProject section */
		043CADAF1F13DF81001A0671 /* Project object */ = {
			isa = PBXProject;
			attributes = {
				LastUpgradeCheck = 0830;
				ORGANIZATIONNAME = XMSECODE;
				TargetAttributes = {
					043CADB61F13DF81001A0671 = {
						CreatedOnToolsVersion = 8.3.3;
						DevelopmentTeam = NZ6KCMA9HH;
						ProvisioningStyle = Automatic;
					};
				};
			};
			buildConfigurationList = 043CADB21F13DF81001A0671 /* Build configuration list for PBXProject "ESAudioQueueDemo" */;
			compatibilityVersion = "Xcode 3.2";
			developmentRegion = English;
			hasScannedForEncodings = 0;
			knownRegions = (
				en,
				Base,
			);
			mainGroup = 043CADAE1F13DF81001A0671;
			productRefGroup = 043CADB81F13DF81001A0671 /* Products */;
			projectDirPath = "";
			projectRoot = "";
			targets = (
				043CADB61F13DF81001A0671 /* ESAudioQueueDemo */,
			);
		};
/* End PBXProject section */

/* Begin PBXResourcesBuildPhase section */
		043CADB51F13DF81001A0671 /* Resources */ = {
			isa = PBXResourcesBuildPhase;
			buildActionMask = 2147483647;
			files = (
				F058B5641F3C48FC003081CF /* test.pcm in Resources */,
				F058B5661F3C4CFA003081CF /* pcmHead in Resources */,
				F058B55E1F3C3AF8003081CF /* 1708101114545.pcm in Resources */,
				F079562220FED2D800F3AF26 /* vocal.pcm in Resources */,
				F058B5601F3C3B2C003081CF /* an.pcm in Resources */,
				F058B5621F3C3DBD003081CF /* PrinRecord20170810120307.pcm in Resources */,
				043CADCA1F13DF81001A0671 /* LaunchScreen.storyboard in Resources */,
				046AB03B1F2CC5DE00B85CE8 /* G.E.M.邓紫棋 - 喜欢你.mp3 in Resources */,
				046AB0391F2CC4D500B85CE8 /* Bridge - 雾都历.mp3 in Resources */,
				043CADC71F13DF81001A0671 /* Assets.xcassets in Resources */,
				043CADC51F13DF81001A0671 /* Main.storyboard in Resources */,
			);
			runOnlyForDeploymentPostprocessing = 0;
		};
/* End PBXResourcesBuildPhase section */

/* Begin PBXSourcesBuildPhase section */
		043CADB31F13DF81001A0671 /* Sources */ = {
			isa = PBXSourcesBuildPhase;
			buildActionMask = 2147483647;
			files = (
				F058B5691F3C5377003081CF /* Base64.m in Sources */,
				F079562020FED23C00F3AF26 /* ESCAudioStreamPlayer.m in Sources */,
				043CADC21F13DF81001A0671 /* ViewController.m in Sources */,
				043CADBF1F13DF81001A0671 /* AppDelegate.m in Sources */,
				0474207B20FCF10C00CB641E /* ESCAudioQueuePlayer.m in Sources */,
				043CADBC1F13DF81001A0671 /* main.m in Sources */,
			);
			runOnlyForDeploymentPostprocessing = 0;
		};
/* End PBXSourcesBuildPhase section */

/* Begin PBXVariantGroup section */
		043CADC31F13DF81001A0671 /* Main.storyboard */ = {
			isa = PBXVariantGroup;
			children = (
				043CADC41F13DF81001A0671 /* Base */,
			);
			name = Main.storyboard;
			sourceTree = "<group>";
		};
		043CADC81F13DF81001A0671 /* LaunchScreen.storyboard */ = {
			isa = PBXVariantGroup;
			children = (
				043CADC91F13DF81001A0671 /* Base */,
			);
			name = LaunchScreen.storyboard;
			sourceTree = "<group>";
		};
/* End PBXVariantGroup section */

/* Begin XCBuildConfiguration section */
		043CADCC1F13DF81001A0671 /* Debug */ = {
			isa = XCBuildConfiguration;
			buildSettings = {
				ALWAYS_SEARCH_USER_PATHS = NO;
				CLANG_ANALYZER_NONNULL = YES;
				CLANG_ANALYZER_NUMBER_OBJECT_CONVERSION = YES_AGGRESSIVE;
				CLANG_CXX_LANGUAGE_STANDARD = "gnu++0x";
				CLANG_CXX_LIBRARY = "libc++";
				CLANG_ENABLE_MODULES = YES;
				CLANG_ENABLE_OBJC_ARC = YES;
				CLANG_WARN_BOOL_CONVERSION = YES;
				CLANG_WARN_CONSTANT_CONVERSION = YES;
				CLANG_WARN_DIRECT_OBJC_ISA_USAGE = YES_ERROR;
				CLANG_WARN_DOCUMENTATION_COMMENTS = YES;
				CLANG_WARN_EMPTY_BODY = YES;
				CLANG_WARN_ENUM_CONVERSION = YES;
				CLANG_WARN_INFINITE_RECURSION = YES;
				CLANG_WARN_INT_CONVERSION = YES;
				CLANG_WARN_OBJC_ROOT_CLASS = YES_ERROR;
				CLANG_WARN_SUSPICIOUS_MOVE = YES;
				CLANG_WARN_UNREACHABLE_CODE = YES;
				CLANG_WARN__DUPLICATE_METHOD_MATCH = YES;
				"CODE_SIGN_IDENTITY[sdk=iphoneos*]" = "iPhone Developer";
				COPY_PHASE_STRIP = NO;
				DEBUG_INFORMATION_FORMAT = dwarf;
				ENABLE_STRICT_OBJC_MSGSEND = YES;
				ENABLE_TESTABILITY = YES;
				GCC_C_LANGUAGE_STANDARD = gnu99;
				GCC_DYNAMIC_NO_PIC = NO;
				GCC_NO_COMMON_BLOCKS = YES;
				GCC_OPTIMIZATION_LEVEL = 0;
				GCC_PREPROCESSOR_DEFINITIONS = (
					"DEBUG=1",
					"$(inherited)",
				);
				GCC_WARN_64_TO_32_BIT_CONVERSION = YES;
				GCC_WARN_ABOUT_RETURN_TYPE = YES_ERROR;
				GCC_WARN_UNDECLARED_SELECTOR = YES;
				GCC_WARN_UNINITIALIZED_AUTOS = YES_AGGRESSIVE;
				GCC_WARN_UNUSED_FUNCTION = YES;
				GCC_WARN_UNUSED_VARIABLE = YES;
				IPHONEOS_DEPLOYMENT_TARGET = 10.3;
				MTL_ENABLE_DEBUG_INFO = YES;
				ONLY_ACTIVE_ARCH = YES;
				SDKROOT = iphoneos;
			};
			name = Debug;
		};
		043CADCD1F13DF81001A0671 /* Release */ = {
			isa = XCBuildConfiguration;
			buildSettings = {
				ALWAYS_SEARCH_USER_PATHS = NO;
				CLANG_ANALYZER_NONNULL = YES;
				CLANG_ANALYZER_NUMBER_OBJECT_CONVERSION = YES_AGGRESSIVE;
				CLANG_CXX_LANGUAGE_STANDARD = "gnu++0x";
				CLANG_CXX_LIBRARY = "libc++";
				CLANG_ENABLE_MODULES = YES;
				CLANG_ENABLE_OBJC_ARC = YES;
				CLANG_WARN_BOOL_CONVERSION = YES;
				CLANG_WARN_CONSTANT_CONVERSION = YES;
				CLANG_WARN_DIRECT_OBJC_ISA_USAGE = YES_ERROR;
				CLANG_WARN_DOCUMENTATION_COMMENTS = YES;
				CLANG_WARN_EMPTY_BODY = YES;
				CLANG_WARN_ENUM_CONVERSION = YES;
				CLANG_WARN_INFINITE_RECURSION = YES;
				CLANG_WARN_INT_CONVERSION = YES;
				CLANG_WARN_OBJC_ROOT_CLASS = YES_ERROR;
				CLANG_WARN_SUSPICIOUS_MOVE = YES;
				CLANG_WARN_UNREACHABLE_CODE = YES;
				CLANG_WARN__DUPLICATE_METHOD_MATCH = YES;
				"CODE_SIGN_IDENTITY[sdk=iphoneos*]" = "iPhone Developer";
				COPY_PHASE_STRIP = NO;
				DEBUG_INFORMATION_FORMAT = "dwarf-with-dsym";
				ENABLE_NS_ASSERTIONS = NO;
				ENABLE_STRICT_OBJC_MSGSEND = YES;
				GCC_C_LANGUAGE_STANDARD = gnu99;
				GCC_NO_COMMON_BLOCKS = YES;
				GCC_WARN_64_TO_32_BIT_CONVERSION = YES;
				GCC_WARN_ABOUT_RETURN_TYPE = YES_ERROR;
				GCC_WARN_UNDECLARED_SELECTOR = YES;
				GCC_WARN_UNINITIALIZED_AUTOS = YES_AGGRESSIVE;
				GCC_WARN_UNUSED_FUNCTION = YES;
				GCC_WARN_UNUSED_VARIABLE = YES;
				IPHONEOS_DEPLOYMENT_TARGET = 10.3;
				MTL_ENABLE_DEBUG_INFO = NO;
				SDKROOT = iphoneos;
				VALIDATE_PRODUCT = YES;
			};
			name = Release;
		};
		043CADCF1F13DF81001A0671 /* Debug */ = {
			isa = XCBuildConfiguration;
			buildSettings = {
				ASSETCATALOG_COMPILER_APPICON_NAME = AppIcon;
				DEVELOPMENT_TEAM = NZ6KCMA9HH;
				INFOPLIST_FILE = ESAudioQueueDemo/Info.plist;
				IPHONEOS_DEPLOYMENT_TARGET = 8.0;
				LD_RUNPATH_SEARCH_PATHS = "$(inherited) @executable_path/Frameworks";
				PRODUCT_BUNDLE_IDENTIFIER = com.github.XMSECODE.ESAudioQueueDemo;
				PRODUCT_NAME = "$(TARGET_NAME)";
				TARGETED_DEVICE_FAMILY = "1,2";
			};
			name = Debug;
		};
		043CADD01F13DF81001A0671 /* Release */ = {
			isa = XCBuildConfiguration;
			buildSettings = {
				ASSETCATALOG_COMPILER_APPICON_NAME = AppIcon;
				DEVELOPMENT_TEAM = NZ6KCMA9HH;
				INFOPLIST_FILE = ESAudioQueueDemo/Info.plist;
				IPHONEOS_DEPLOYMENT_TARGET = 8.0;
				LD_RUNPATH_SEARCH_PATHS = "$(inherited) @executable_path/Frameworks";
				PRODUCT_BUNDLE_IDENTIFIER = com.github.XMSECODE.ESAudioQueueDemo;
				PRODUCT_NAME = "$(TARGET_NAME)";
				TARGETED_DEVICE_FAMILY = "1,2";
			};
			name = Release;
		};
/* End XCBuildConfiguration section */

/* Begin XCConfigurationList section */
		043CADB21F13DF81001A0671 /* Build configuration list for PBXProject "ESAudioQueueDemo" */ = {
			isa = XCConfigurationList;
			buildConfigurations = (
				043CADCC1F13DF81001A0671 /* Debug */,
				043CADCD1F13DF81001A0671 /* Release */,
			);
			defaultConfigurationIsVisible = 0;
			defaultConfigurationName = Release;
		};
		043CADCE1F13DF81001A0671 /* Build configuration list for PBXNativeTarget "ESAudioQueueDemo" */ = {
			isa = XCConfigurationList;
			buildConfigurations = (
				043CADCF1F13DF81001A0671 /* Debug */,
				043CADD01F13DF81001A0671 /* Release */,
			);
			defaultConfigurationIsVisible = 0;
			defaultConfigurationName = Release;
		};
/* End XCConfigurationList section */
	};
	rootObject = 043CADAF1F13DF81001A0671 /* Project object */;
}
